{
  "name": "react-Spotify-jsx",
  "lockfileVersion": 3,
  "requires": true,
  "packages": {
    "": {
      "dependencies": {
        "pnpm": "^9.1.3"
      }
    },
    "node_modules/pnpm": {
      "version": "9.1.3",
      "resolved": "https://registry.npmmirror.com/pnpm/-/pnpm-9.1.3.tgz",
      "integrity": "sha512-fC6gieGmrzBkCcT8jE8Il72sMrdyAWGWxGnZQo8f4tWiHa+K1lEnYmVKxkW12RNrshDsmgCvqNvEZ3hDujYuzQ==",
      "bin": {
        "pnpm": "bin/pnpm.cjs",
        "pnpx": "bin/pnpx.cjs"
      },
      "engines": {
        "node": ">=18.12"
      },
      "funding": {
        "url": "https://opencollective.com/pnpm"
      }
    }
  }
}
